
Microsoft Visual Studio Solution File, Format Version 12.00
# Visual Studio Version 17
VisualStudioVersion = 17.14.37314.3 d17.14
MinimumVisualStudioVersion = 10.0.40219.1
Project("{F2A71F9B-5D33-465A-A702-920D77279786}") = "Lab_4 Task 2", "Lab_4 Task 2\Lab_4 Task 2.fsproj", "{403D6416-DB15-4056-873C-06FA776558C7}"
EndProject
Global
	GlobalSection(SolutionConfigurationPlatforms) = preSolution
		Debug|Any CPU = Debug|Any CPU
		Release|Any CPU = Release|Any CPU
	EndGlobalSection
	GlobalSection(ProjectConfigurationPlatforms) = postSolution
		{403D6416-DB15-4056-873C-06FA776558C7}.Debug|Any CPU.ActiveCfg = Debug|Any CPU
		{403D6416-DB15-4056-873C-06FA776558C7}.Debug|Any CPU.Build.0 = Debug|Any CPU
		{403D6416-DB15-4056-873C-06FA776558C7}.Release|Any CPU.ActiveCfg = Release|Any CPU
		{403D6416-DB15-4056-873C-06FA776558C7}.Release|Any CPU.Build.0 = Release|Any CPU
	EndGlobalSection
	GlobalSection(SolutionProperties) = preSolution
		HideSolutionNode = FALSE
	EndGlobalSection
	GlobalSection(ExtensibilityGlobals) = postSolution
		SolutionGuid = {A8097A74-2155-4115-9E40-586B0F8CA490}
	EndGlobalSection
EndGlobal
